{
  "name": "openchamber-tps",
  "version": "1.0.0",
  "lockfileVersion": 3,
  "requires": true,
  "packages": {
    "": {
      "name": "openchamber-tps",
      "version": "1.0.0",
      "dependencies": {
        "@openchamber/sdk": "1.24.0"
      }
    },
    "node_modules/@openchamber/sdk": {
      "version": "1.24.0",
      "resolved": "https://registry.npmjs.org/@openchamber/sdk/-/sdk-1.24.0.tgz",
      "integrity": "sha512-UgC+UlyQKmeFd7YExHk1sbnGEdBDObi6jUJ09oG6m3D9rHfKRbjQ/ao+3Sa/TBErOD9OmrHjvVv1rQ0BF7+bdw==",
      "license": "MIT",
      "dependencies": {
        "zod": "^4.3.6"
      },
      "bin": {
        "openchamber-guest-bundle": "scripts/bundle-guest.ts"
      }
    },
    "node_modules/zod": {
      "version": "4.6.5",
      "resolved": "https://registry.npmjs.org/zod/-/zod-4.6.5.tgz",
      "integrity": "sha512-v5l/aFXZQeai4awLbOpSoHecE9UiMrnfx75tEXLjNonXVARxQ5mOeipTjROUchszUNCqnE+hqAMujRsRHsut2Q==",
      "license": "MIT",
      "funding": {
        "url": "https://github.com/sponsors/colinhacks"
      }
    }
  }
}
